{
	"name": "@ticket721/companion-app",
	"version": "0.1.0",
	"lockfileVersion": 1,
	"requires": true,
	"dependencies": {
		"@htmlacademy/editorconfig-cli": {
			"version": "1.0.0",
			"resolved": "https://registry.npmjs.org/@htmlacademy/editorconfig-cli/-/editorconfig-cli-1.0.0.tgz",
			"integrity": "sha1-4flNQ4TwRvhXruj29AgP7cXFQ7M=",
			"requires": {
				"colors": "1.1.2",
				"commander": "2.9.0",
				"glob": "7.1.1",
				"lintspaces": "0.5.0"
			}
		},
		"ansi-styles": {
			"version": "3.2.1",
			"resolved": "https://registry.npmjs.org/ansi-styles/-/ansi-styles-3.2.1.tgz",
			"integrity": "sha512-VT0ZI6kZRdTh8YyJw3SMbYm/u+NqfsAxEpWO0Pf9sq8/e94WxxOpPKx9FR1FlyCtOVDNOQ+8ntlqFxiRc+r5qA==",
			"requires": {
				"color-convert": "^1.9.0"
			}
		},
		"balanced-match": {
			"version": "1.0.0",
			"resolved": "https://registry.npmjs.org/balanced-match/-/balanced-match-1.0.0.tgz",
			"integrity": "sha1-ibTRmasr7kneFk6gK4nORi1xt2c="
		},
		"bluebird": {
			"version": "3.5.5",
			"resolved": "https://registry.npmjs.org/bluebird/-/bluebird-3.5.5.tgz",
			"integrity": "sha512-5am6HnnfN+urzt4yfg7IgTbotDjIT/u8AJpEt0sIU9FtXfVeezXAPKswrG+xKUCOYAINpSdgZVDU6QFh+cuH3w=="
		},
		"brace-expansion": {
			"version": "1.1.11",
			"resolved": "https://registry.npmjs.org/brace-expansion/-/brace-expansion-1.1.11.tgz",
			"integrity": "sha512-iCuPHDFgrHX7H2vEI/5xpz07zSHB00TpugqhmYtVmMO6518mCuRMoOYFldEBl0g187ufozdaHgWKcYFb61qGiA==",
			"requires": {
				"balanced-match": "^1.0.0",
				"concat-map": "0.0.1"
			}
		},
		"chalk": {
			"version": "2.4.2",
			"resolved": "https://registry.npmjs.org/chalk/-/chalk-2.4.2.tgz",
			"integrity": "sha512-Mti+f9lpJNcwF4tWV8/OrTTtF1gZi+f8FqlyAdouralcFWFQWF2+NgCHShjkCb+IFBLq9buZwE1xckQU4peSuQ==",
			"requires": {
				"ansi-styles": "^3.2.1",
				"escape-string-regexp": "^1.0.5",
				"supports-color": "^5.3.0"
			}
		},
		"chownr": {
			"version": "1.1.2",
			"resolved": "https://registry.npmjs.org/chownr/-/chownr-1.1.2.tgz",
			"integrity": "sha512-GkfeAQh+QNy3wquu9oIZr6SS5x7wGdSgNQvD10X3r+AZr1Oys22HW8kAmDMvNg2+Dm0TeGaEuO8gFwdBXxwO8A=="
		},
		"color-convert": {
			"version": "1.9.3",
			"resolved": "https://registry.npmjs.org/color-convert/-/color-convert-1.9.3.tgz",
			"integrity": "sha512-QfAUtd+vFdAtFQcC8CCyYt1fYWxSqAiK2cSD6zDB8N3cpsEBAvRxp9zOGg6G/SHHJYAT88/az/IuDGALsNVbGg==",
			"requires": {
				"color-name": "1.1.3"
			}
		},
		"color-name": {
			"version": "1.1.3",
			"resolved": "https://registry.npmjs.org/color-name/-/color-name-1.1.3.tgz",
			"integrity": "sha1-p9BVi9icQveV3UIyj3QIMcpTvCU="
		},
		"colors": {
			"version": "1.1.2",
			"resolved": "https://registry.npmjs.org/colors/-/colors-1.1.2.tgz",
			"integrity": "sha1-FopHAXVran9RoSzgyXv6KMCE7WM="
		},
		"commander": {
			"version": "2.9.0",
			"resolved": "https://registry.npmjs.org/commander/-/commander-2.9.0.tgz",
			"integrity": "sha1-nJkJQXbhIkDLItbFFGCYQA/g99Q=",
			"requires": {
				"graceful-readlink": ">= 1.0.0"
			}
		},
		"concat-map": {
			"version": "0.0.1",
			"resolved": "https://registry.npmjs.org/concat-map/-/concat-map-0.0.1.tgz",
			"integrity": "sha1-2Klr13/Wjfd5OnMDajug1UBdR3s="
		},
		"deep-extend": {
			"version": "0.6.0",
			"resolved": "https://registry.npmjs.org/deep-extend/-/deep-extend-0.6.0.tgz",
			"integrity": "sha512-LOHxIOaPYdHlJRtCQfDIVZtfw/ufM8+rVj649RIHzcm/vGwQRXFt6OPqIFWsm2XEMrNIEtWR64sY1LEKD2vAOA==",
			"dev": true
		},
		"editorconfig": {
			"version": "0.13.2",
			"resolved": "https://registry.npmjs.org/editorconfig/-/editorconfig-0.13.2.tgz",
			"integrity": "sha1-jleSbZ7mmrbLmZ8CfCFxRnrM6zU=",
			"requires": {
				"bluebird": "^3.0.5",
				"commander": "^2.9.0",
				"lru-cache": "^3.2.0",
				"sigmund": "^1.0.1"
			}
		},
		"es6-object-assign": {
			"version": "1.1.0",
			"resolved": "https://registry.npmjs.org/es6-object-assign/-/es6-object-assign-1.1.0.tgz",
			"integrity": "sha1-wsNYJlYkfDnqEHyx5mUrb58kUjw="
		},
		"escape-string-regexp": {
			"version": "1.0.5",
			"resolved": "https://registry.npmjs.org/escape-string-regexp/-/escape-string-regexp-1.0.5.tgz",
			"integrity": "sha1-G2HAViGQqN/2rjuyzwIAyhMLhtQ="
		},
		"fs-minipass": {
			"version": "1.2.6",
			"resolved": "https://registry.npmjs.org/fs-minipass/-/fs-minipass-1.2.6.tgz",
			"integrity": "sha512-crhvyXcMejjv3Z5d2Fa9sf5xLYVCF5O1c71QxbVnbLsmYMBEvDAftewesN/HhY03YRoA7zOMxjNGrF5svGaaeQ==",
			"requires": {
				"minipass": "^2.2.1"
			}
		},
		"fs.realpath": {
			"version": "1.0.0",
			"resolved": "https://registry.npmjs.org/fs.realpath/-/fs.realpath-1.0.0.tgz",
			"integrity": "sha1-FQStJSMVjKpA20onh8sBQRmU6k8="
		},
		"glob": {
			"version": "7.1.1",
			"resolved": "https://registry.npmjs.org/glob/-/glob-7.1.1.tgz",
			"integrity": "sha1-gFIR3wT6rxxjo2ADBs31reULLsg=",
			"requires": {
				"fs.realpath": "^1.0.0",
				"inflight": "^1.0.4",
				"inherits": "2",
				"minimatch": "^3.0.2",
				"once": "^1.3.0",
				"path-is-absolute": "^1.0.0"
			}
		},
		"graceful-readlink": {
			"version": "1.0.1",
			"resolved": "https://registry.npmjs.org/graceful-readlink/-/graceful-readlink-1.0.1.tgz",
			"integrity": "sha1-TK+tdrxi8C+gObL5Tpo906ORpyU="
		},
		"has-flag": {
			"version": "3.0.0",
			"resolved": "https://registry.npmjs.org/has-flag/-/has-flag-3.0.0.tgz",
			"integrity": "sha1-tdRU3CGZriJWmfNGfloH87lVuv0="
		},
		"inflight": {
			"version": "1.0.6",
			"resolved": "https://registry.npmjs.org/inflight/-/inflight-1.0.6.tgz",
			"integrity": "sha1-Sb1jMdfQLQwJvJEKEHW6gWW1bfk=",
			"requires": {
				"once": "^1.3.0",
				"wrappy": "1"
			}
		},
		"inherits": {
			"version": "2.0.4",
			"resolved": "https://registry.npmjs.org/inherits/-/inherits-2.0.4.tgz",
			"integrity": "sha512-k/vGaX4/Yla3WzyMCvTQOXYeIHvqOKtnqBduzTHpzpQZzAskKMhZ2K+EnBiSM9zGSoIFeMpXKxa4dYeZIQqewQ=="
		},
		"ini": {
			"version": "1.3.5",
			"resolved": "https://registry.npmjs.org/ini/-/ini-1.3.5.tgz",
			"integrity": "sha512-RZY5huIKCMRWDUqZlEi72f/lmXKMvuszcMBduliQ3nnWbx9X/ZBQO7DijMEYS9EhHBb2qacRUMtC7svLwe0lcw=="
		},
		"interpret": {
			"version": "1.2.0",
			"resolved": "https://registry.npmjs.org/interpret/-/interpret-1.2.0.tgz",
			"integrity": "sha512-mT34yGKMNceBQUoVn7iCDKDntA7SC6gycMAWzGx1z/CMCTV7b2AAtXlo3nRyHZ1FelRkQbQjprHSYGwzLtkVbw=="
		},
		"js-sha3": {
			"version": "0.8.0",
			"resolved": "https://registry.npmjs.org/js-sha3/-/js-sha3-0.8.0.tgz",
			"integrity": "sha512-gF1cRrHhIzNfToc802P800N8PpXS+evLLXfsVpowqmAFR9uwbi89WvXg2QspOmXL8QL86J4T1EpFu+yUkwJY3Q=="
		},
		"lintspaces": {
			"version": "0.5.0",
			"resolved": "https://registry.npmjs.org/lintspaces/-/lintspaces-0.5.0.tgz",
			"integrity": "sha1-QLSfEC/KVTV+jjYhEA5aKf65/6g=",
			"requires": {
				"editorconfig": "0.13.2",
				"merge": "1.1.2",
				"rc": "1.1.6"
			},
			"dependencies": {
				"merge": {
					"version": "1.1.2",
					"resolved": "https://registry.npmjs.org/merge/-/merge-1.1.2.tgz",
					"integrity": "sha1-Fq3OfE/Va6S9W52rlGkrHJ9e98g="
				}
			}
		},
		"lru-cache": {
			"version": "3.2.0",
			"resolved": "https://registry.npmjs.org/lru-cache/-/lru-cache-3.2.0.tgz",
			"integrity": "sha1-cXibO39Tmb7IVl3aOKow0qCX7+4=",
			"requires": {
				"pseudomap": "^1.0.1"
			}
		},
		"merge": {
			"version": "1.2.1",
			"resolved": "https://registry.npmjs.org/merge/-/merge-1.2.1.tgz",
			"integrity": "sha512-VjFo4P5Whtj4vsLzsYBu5ayHhoHJ0UqNm7ibvShmbmoz7tGi0vXaoJbGdB+GmDMLUdg8DpQXEIeVDAe8MaABvQ==",
			"dev": true
		},
		"minimatch": {
			"version": "3.0.4",
			"resolved": "https://registry.npmjs.org/minimatch/-/minimatch-3.0.4.tgz",
			"integrity": "sha512-yJHVQEhyqPLUTgt9B83PXu6W3rx4MvvHvSUvToogpwoGDOUQ+yDrR0HRot+yOCdCO7u4hX3pWft6kWBBcqh0UA==",
			"requires": {
				"brace-expansion": "^1.1.7"
			}
		},
		"minimist": {
			"version": "1.2.0",
			"resolved": "https://registry.npmjs.org/minimist/-/minimist-1.2.0.tgz",
			"integrity": "sha1-o1AIsg9BOD7sH7kU9M1d95omQoQ="
		},
		"minipass": {
			"version": "2.3.5",
			"resolved": "https://registry.npmjs.org/minipass/-/minipass-2.3.5.tgz",
			"integrity": "sha512-Gi1W4k059gyRbyVUZQ4mEqLm0YIUiGYfvxhF6SIlk3ui1WVxMTGfGdQ2SInh3PDrRTVvPKgULkpJtT4RH10+VA==",
			"requires": {
				"safe-buffer": "^5.1.2",
				"yallist": "^3.0.0"
			}
		},
		"minizlib": {
			"version": "1.2.1",
			"resolved": "https://registry.npmjs.org/minizlib/-/minizlib-1.2.1.tgz",
			"integrity": "sha512-7+4oTUOWKg7AuL3vloEWekXY2/D20cevzsrNT2kGWm+39J9hGTCBv8VI5Pm5lXZ/o3/mdR4f8rflAPhnQb8mPA==",
			"requires": {
				"minipass": "^2.2.1"
			}
		},
		"mkdirp": {
			"version": "0.5.1",
			"resolved": "https://registry.npmjs.org/mkdirp/-/mkdirp-0.5.1.tgz",
			"integrity": "sha1-MAV0OOrGz3+MR2fzhkjWaX11yQM=",
			"requires": {
				"minimist": "0.0.8"
			},
			"dependencies": {
				"minimist": {
					"version": "0.0.8",
					"resolved": "https://registry.npmjs.org/minimist/-/minimist-0.0.8.tgz",
					"integrity": "sha1-hX/Kv8M5fSYluCKCYuhqp6ARsF0="
				}
			}
		},
		"moment": {
			"version": "2.24.0",
			"resolved": "https://registry.npmjs.org/moment/-/moment-2.24.0.tgz",
			"integrity": "sha512-bV7f+6l2QigeBBZSM/6yTNq4P2fNpSWj/0e7jQcy87A8e7o2nAfP/34/2ky5Vw4B9S446EtIhodAzkFCcR4dQg=="
		},
		"once": {
			"version": "1.4.0",
			"resolved": "https://registry.npmjs.org/once/-/once-1.4.0.tgz",
			"integrity": "sha1-WDsap3WWHUsROsF9nFC6753Xa9E=",
			"requires": {
				"wrappy": "1"
			}
		},
		"path-is-absolute": {
			"version": "1.0.1",
			"resolved": "https://registry.npmjs.org/path-is-absolute/-/path-is-absolute-1.0.1.tgz",
			"integrity": "sha1-F0uSaHNVNP+8es5r9TpanhtcX18="
		},
		"path-parse": {
			"version": "1.0.6",
			"resolved": "https://registry.npmjs.org/path-parse/-/path-parse-1.0.6.tgz",
			"integrity": "sha512-GSmOT2EbHrINBf9SR7CDELwlJ8AENk3Qn7OikK4nFYAu3Ote2+JYNVvkpAEQm3/TLNEJFD/xZJjzyxg3KBWOzw=="
		},
		"portalize": {
			"version": "1.0.4",
			"resolved": "https://registry.npmjs.org/portalize/-/portalize-1.0.4.tgz",
			"integrity": "sha512-72ouZRlFwb81V8xX90I+i6tnzZNIuXQMJWEYnPW8e+ou0aVjC/hhIjWOP1Or227kr1gI+vcyRWhOhPPtmRjhDw==",
			"requires": {
				"chalk": "^2.4.2",
				"js-sha3": "^0.8.0",
				"moment": "^2.24.0",
				"rimraf": "^2.6.3",
				"shx": "^0.3.2",
				"tar": "^4.4.8",
				"ts-dynamic-type-checker": "0.0.13"
			}
		},
		"pseudomap": {
			"version": "1.0.2",
			"resolved": "https://registry.npmjs.org/pseudomap/-/pseudomap-1.0.2.tgz",
			"integrity": "sha1-8FKijacOYYkX7wqKw0wa5aaChrM="
		},
		"rc": {
			"version": "1.1.6",
			"resolved": "https://registry.npmjs.org/rc/-/rc-1.1.6.tgz",
			"integrity": "sha1-Q2UbdrauU7XIAvEVH6P8OwWZack=",
			"requires": {
				"deep-extend": "~0.4.0",
				"ini": "~1.3.0",
				"minimist": "^1.2.0",
				"strip-json-comments": "~1.0.4"
			},
			"dependencies": {
				"deep-extend": {
					"version": "0.4.2",
					"resolved": "https://registry.npmjs.org/deep-extend/-/deep-extend-0.4.2.tgz",
					"integrity": "sha1-SLaZwn4zS/ifEIkr5DL25MfTSn8="
				}
			}
		},
		"rechoir": {
			"version": "0.6.2",
			"resolved": "https://registry.npmjs.org/rechoir/-/rechoir-0.6.2.tgz",
			"integrity": "sha1-hSBLVNuoLVdC4oyWdW70OvUOM4Q=",
			"requires": {
				"resolve": "^1.1.6"
			}
		},
		"resolve": {
			"version": "1.11.1",
			"resolved": "https://registry.npmjs.org/resolve/-/resolve-1.11.1.tgz",
			"integrity": "sha512-vIpgF6wfuJOZI7KKKSP+HmiKggadPQAdsp5HiC1mvqnfp0gF1vdwgBWZIdrVft9pgqoMFQN+R7BSWZiBxx+BBw==",
			"requires": {
				"path-parse": "^1.0.6"
			}
		},
		"rimraf": {
			"version": "2.6.3",
			"resolved": "https://registry.npmjs.org/rimraf/-/rimraf-2.6.3.tgz",
			"integrity": "sha512-mwqeW5XsA2qAejG46gYdENaxXjx9onRNCfn7L0duuP4hCuTIi/QO7PDK07KJfp1d+izWPrzEJDcSqBa0OZQriA==",
			"requires": {
				"glob": "^7.1.3"
			},
			"dependencies": {
				"glob": {
					"version": "7.1.4",
					"resolved": "https://registry.npmjs.org/glob/-/glob-7.1.4.tgz",
					"integrity": "sha512-hkLPepehmnKk41pUGm3sYxoFs/umurYfYJCerbXEyFIWcAzvpipAgVkBqqT9RBKMGjnq6kMuyYwha6csxbiM1A==",
					"requires": {
						"fs.realpath": "^1.0.0",
						"inflight": "^1.0.4",
						"inherits": "2",
						"minimatch": "^3.0.4",
						"once": "^1.3.0",
						"path-is-absolute": "^1.0.0"
					}
				}
			}
		},
		"safe-buffer": {
			"version": "5.2.0",
			"resolved": "https://registry.npmjs.org/safe-buffer/-/safe-buffer-5.2.0.tgz",
			"integrity": "sha512-fZEwUGbVl7kouZs1jCdMLdt95hdIv0ZeHg6L7qPeciMZhZ+/gdesW4wgTARkrFWEpspjEATAzUGPG8N2jJiwbg=="
		},
		"shelljs": {
			"version": "0.8.3",
			"resolved": "https://registry.npmjs.org/shelljs/-/shelljs-0.8.3.tgz",
			"integrity": "sha512-fc0BKlAWiLpwZljmOvAOTE/gXawtCoNrP5oaY7KIaQbbyHeQVg01pSEuEGvGh3HEdBU4baCD7wQBwADmM/7f7A==",
			"requires": {
				"glob": "^7.0.0",
				"interpret": "^1.0.0",
				"rechoir": "^0.6.2"
			}
		},
		"shx": {
			"version": "0.3.2",
			"resolved": "https://registry.npmjs.org/shx/-/shx-0.3.2.tgz",
			"integrity": "sha512-aS0mWtW3T2sHAenrSrip2XGv39O9dXIFUqxAEWHEOS1ePtGIBavdPJY1kE2IHl14V/4iCbUiNDPGdyYTtmhSoA==",
			"requires": {
				"es6-object-assign": "^1.0.3",
				"minimist": "^1.2.0",
				"shelljs": "^0.8.1"
			}
		},
		"sigmund": {
			"version": "1.0.1",
			"resolved": "https://registry.npmjs.org/sigmund/-/sigmund-1.0.1.tgz",
			"integrity": "sha1-P/IfGYytIXX587eBhT/ZTQ0ZtZA="
		},
		"strip-json-comments": {
			"version": "1.0.4",
			"resolved": "https://registry.npmjs.org/strip-json-comments/-/strip-json-comments-1.0.4.tgz",
			"integrity": "sha1-HhX7ysl9Pumb8tc7TGVrCCu6+5E="
		},
		"supports-color": {
			"version": "5.5.0",
			"resolved": "https://registry.npmjs.org/supports-color/-/supports-color-5.5.0.tgz",
			"integrity": "sha512-QjVjwdXIt408MIiAqCX4oUKsgU2EqAGzs2Ppkm4aQYbjm+ZEWEcW4SfFNTr4uMNZma0ey4f5lgLrkB0aX0QMow==",
			"requires": {
				"has-flag": "^3.0.0"
			}
		},
		"tar": {
			"version": "4.4.10",
			"resolved": "https://registry.npmjs.org/tar/-/tar-4.4.10.tgz",
			"integrity": "sha512-g2SVs5QIxvo6OLp0GudTqEf05maawKUxXru104iaayWA09551tFCTI8f1Asb4lPfkBr91k07iL4c11XO3/b0tA==",
			"requires": {
				"chownr": "^1.1.1",
				"fs-minipass": "^1.2.5",
				"minipass": "^2.3.5",
				"minizlib": "^1.2.1",
				"mkdirp": "^0.5.0",
				"safe-buffer": "^5.1.2",
				"yallist": "^3.0.3"
			}
		},
		"ts-dynamic-type-checker": {
			"version": "0.0.13",
			"resolved": "https://registry.npmjs.org/ts-dynamic-type-checker/-/ts-dynamic-type-checker-0.0.13.tgz",
			"integrity": "sha1-MXiQNHf4UW2tDY5GVX8O3LpVkw8="
		},
		"wrappy": {
			"version": "1.0.2",
			"resolved": "https://registry.npmjs.org/wrappy/-/wrappy-1.0.2.tgz",
			"integrity": "sha1-tSQ9jz7BqjXxNkYFvA0QNuMKtp8="
		},
		"yallist": {
			"version": "3.0.3",
			"resolved": "https://registry.npmjs.org/yallist/-/yallist-3.0.3.tgz",
			"integrity": "sha512-S+Zk8DEWE6oKpV+vI3qWkaK+jSbIK86pCwe2IF/xwIpQ8jEuxpw9NyaGjmp9+BoJv5FV2piqCDcoCtStppiq2A=="
		}
	}
}
